
Microsoft Visual Studio Solution File, Format Version 12.00
# Visual Studio Version 17
VisualStudioVersion = 17.8.34330.188
MinimumVisualStudioVersion = 10.0.40219.1
Project("{FAE04EC0-301F-11D3-BF4B-00C04F79EFBC}") = "JetStreamMongo", "JetStreamMongo\JetStreamMongo.csproj", "{E9904048-A1F6-4957-8EC4-B0EA78D0E8C5}"
EndProject
Global
	GlobalSection(SolutionConfigurationPlatforms) = preSolution
		Debug|Any CPU = Debug|Any CPU
		Release|Any CPU = Release|Any CPU
	EndGlobalSection
	GlobalSection(ProjectConfigurationPlatforms) = postSolution
		{E9904048-A1F6-4957-8EC4-B0EA78D0E8C5}.Debug|Any CPU.ActiveCfg = Debug|Any CPU
		{E9904048-A1F6-4957-8EC4-B0EA78D0E8C5}.Debug|Any CPU.Build.0 = Debug|Any CPU
		{E9904048-A1F6-4957-8EC4-B0EA78D0E8C5}.Release|Any CPU.ActiveCfg = Release|Any CPU
		{E9904048-A1F6-4957-8EC4-B0EA78D0E8C5}.Release|Any CPU.Build.0 = Release|Any CPU
	EndGlobalSection
	GlobalSection(SolutionProperties) = preSolution
		HideSolutionNode = FALSE
	EndGlobalSection
	GlobalSection(ExtensibilityGlobals) = postSolution
		SolutionGuid = {A5439659-690E-48C1-86AF-E1C04E2633A5}
	EndGlobalSection
EndGlobal
